
Microsoft Visual Studio Solution File, Format Version 12.00
# Visual Studio Version 16
VisualStudioVersion = 16.0.31624.102
MinimumVisualStudioVersion = 10.0.40219.1
Project("{9A19103F-16F7-4668-BE54-9A1E7A4F7556}") = "NUnitDemo", "NUnitDemo\NUnitDemo.csproj", "{94510737-AF3E-4BF0-B4A1-24884D5FD96C}"
EndProject
Project("{FAE04EC0-301F-11D3-BF4B-00C04F79EFBC}") = "Tests", "Tests\Tests.csproj", "{AF6087C3-3218-4A1B-9F7E-F85FEA54ECEC}"
EndProject
Global
	GlobalSection(SolutionConfigurationPlatforms) = preSolution
		Debug|Any CPU = Debug|Any CPU
		Release|Any CPU = Release|Any CPU
	EndGlobalSection
	GlobalSection(ProjectConfigurationPlatforms) = postSolution
		{94510737-AF3E-4BF0-B4A1-24884D5FD96C}.Debug|Any CPU.ActiveCfg = Debug|Any CPU
		{94510737-AF3E-4BF0-B4A1-24884D5FD96C}.Debug|Any CPU.Build.0 = Debug|Any CPU
		{94510737-AF3E-4BF0-B4A1-24884D5FD96C}.Release|Any CPU.ActiveCfg = Release|Any CPU
		{94510737-AF3E-4BF0-B4A1-24884D5FD96C}.Release|Any CPU.Build.0 = Release|Any CPU
		{AF6087C3-3218-4A1B-9F7E-F85FEA54ECEC}.Debug|Any CPU.ActiveCfg = Debug|Any CPU
		{AF6087C3-3218-4A1B-9F7E-F85FEA54ECEC}.Debug|Any CPU.Build.0 = Debug|Any CPU
		{AF6087C3-3218-4A1B-9F7E-F85FEA54ECEC}.Release|Any CPU.ActiveCfg = Release|Any CPU
		{AF6087C3-3218-4A1B-9F7E-F85FEA54ECEC}.Release|Any CPU.Build.0 = Release|Any CPU
	EndGlobalSection
	GlobalSection(SolutionProperties) = preSolution
		HideSolutionNode = FALSE
	EndGlobalSection
	GlobalSection(ExtensibilityGlobals) = postSolution
		SolutionGuid = {5F34EAE4-0CB0-4D76-94A2-911310BFA96C}
	EndGlobalSection
EndGlobal
