
Microsoft Visual Studio Solution File, Format Version 12.00
# Visual Studio Version 16
VisualStudioVersion = 16.0.31624.102
MinimumVisualStudioVersion = 10.0.40219.1
Project("{FAE04EC0-301F-11D3-BF4B-00C04F79EFBC}") = "InheritanceDemo", "InheritanceDemo\InheritanceDemo.csproj", "{1BC74604-A500-44C5-A7DD-A17720CCB66C}"
EndProject
Global
	GlobalSection(SolutionConfigurationPlatforms) = preSolution
		Debug|Any CPU = Debug|Any CPU
		Release|Any CPU = Release|Any CPU
	EndGlobalSection
	GlobalSection(ProjectConfigurationPlatforms) = postSolution
		{1BC74604-A500-44C5-A7DD-A17720CCB66C}.Debug|Any CPU.ActiveCfg = Debug|Any CPU
		{1BC74604-A500-44C5-A7DD-A17720CCB66C}.Debug|Any CPU.Build.0 = Debug|Any CPU
		{1BC74604-A500-44C5-A7DD-A17720CCB66C}.Release|Any CPU.ActiveCfg = Release|Any CPU
		{1BC74604-A500-44C5-A7DD-A17720CCB66C}.Release|Any CPU.Build.0 = Release|Any CPU
	EndGlobalSection
	GlobalSection(SolutionProperties) = preSolution
		HideSolutionNode = FALSE
	EndGlobalSection
	GlobalSection(ExtensibilityGlobals) = postSolution
		SolutionGuid = {F00C18AF-F651-4F0B-B388-6F4BC3615D4C}
	EndGlobalSection
EndGlobal
