
Microsoft Visual Studio Solution File, Format Version 12.00
# Visual Studio Version 16
VisualStudioVersion = 16.0.31624.102
MinimumVisualStudioVersion = 10.0.40219.1
Project("{FAE04EC0-301F-11D3-BF4B-00C04F79EFBC}") = "RPS_Interfaces", "RPS_Interfaces\RPS_Interfaces.csproj", "{0C124471-B539-4391-BE2D-210AFB4F9556}"
EndProject
Project("{FAE04EC0-301F-11D3-BF4B-00C04F79EFBC}") = "RPS_Tests", "RPS_Tests\RPS_Tests.csproj", "{3AB1265B-BA3E-47C0-88B1-2E7B1CB31DC5}"
EndProject
Global
	GlobalSection(SolutionConfigurationPlatforms) = preSolution
		Debug|Any CPU = Debug|Any CPU
		Release|Any CPU = Release|Any CPU
	EndGlobalSection
	GlobalSection(ProjectConfigurationPlatforms) = postSolution
		{0C124471-B539-4391-BE2D-210AFB4F9556}.Debug|Any CPU.ActiveCfg = Debug|Any CPU
		{0C124471-B539-4391-BE2D-210AFB4F9556}.Debug|Any CPU.Build.0 = Debug|Any CPU
		{0C124471-B539-4391-BE2D-210AFB4F9556}.Release|Any CPU.ActiveCfg = Release|Any CPU
		{0C124471-B539-4391-BE2D-210AFB4F9556}.Release|Any CPU.Build.0 = Release|Any CPU
		{3AB1265B-BA3E-47C0-88B1-2E7B1CB31DC5}.Debug|Any CPU.ActiveCfg = Debug|Any CPU
		{3AB1265B-BA3E-47C0-88B1-2E7B1CB31DC5}.Debug|Any CPU.Build.0 = Debug|Any CPU
		{3AB1265B-BA3E-47C0-88B1-2E7B1CB31DC5}.Release|Any CPU.ActiveCfg = Release|Any CPU
		{3AB1265B-BA3E-47C0-88B1-2E7B1CB31DC5}.Release|Any CPU.Build.0 = Release|Any CPU
	EndGlobalSection
	GlobalSection(SolutionProperties) = preSolution
		HideSolutionNode = FALSE
	EndGlobalSection
	GlobalSection(ExtensibilityGlobals) = postSolution
		SolutionGuid = {4D3DF96E-A8E9-4224-BFB1-383FFBFC3E3D}
	EndGlobalSection
EndGlobal
